
Microsoft Visual Studio Solution File, Format Version 12.00
# Visual Studio 2013
VisualStudioVersion = 12.0.20827.3
MinimumVisualStudioVersion = 10.0.40219.1
Project("{FAE04EC0-301F-11D3-BF4B-00C04F79EFBC}") = "Canduits.Owin.Security.Dropbox", "Canduits.Owin.Security.Dropbox\Canduits.Owin.Security.Dropbox.csproj", "{8E61E55F-783B-466E-BAC5-5E5FA28E7A62}"
EndProject
Project("{2150E333-8FDC-42A3-9474-1A3956D46DE8}") = ".nuget", ".nuget", "{FCABB79D-24A5-4CF6-AEFA-9DB39AE4DA5D}"
	ProjectSection(SolutionItems) = preProject
		.nuget\NuGet.Config = .nuget\NuGet.Config
		.nuget\NuGet.exe = .nuget\NuGet.exe
		.nuget\NuGet.targets = .nuget\NuGet.targets
	EndProjectSection
EndProject
Project("{2150E333-8FDC-42A3-9474-1A3956D46DE8}") = "Solution Items", "Solution Items", "{993F647B-ED3C-4D86-BE33-E21C5BA989C7}"
	ProjectSection(SolutionItems) = preProject
		LICENSE = LICENSE
		README.md = README.md
	EndProjectSection
EndProject
Global
	GlobalSection(SolutionConfigurationPlatforms) = preSolution
		Debug|Any CPU = Debug|Any CPU
		Release|Any CPU = Release|Any CPU
	EndGlobalSection
	GlobalSection(ProjectConfigurationPlatforms) = postSolution
		{8E61E55F-783B-466E-BAC5-5E5FA28E7A62}.Debug|Any CPU.ActiveCfg = Debug|Any CPU
		{8E61E55F-783B-466E-BAC5-5E5FA28E7A62}.Debug|Any CPU.Build.0 = Debug|Any CPU
		{8E61E55F-783B-466E-BAC5-5E5FA28E7A62}.Release|Any CPU.ActiveCfg = Release|Any CPU
		{8E61E55F-783B-466E-BAC5-5E5FA28E7A62}.Release|Any CPU.Build.0 = Release|Any CPU
	EndGlobalSection
	GlobalSection(SolutionProperties) = preSolution
		HideSolutionNode = FALSE
	EndGlobalSection
EndGlobal
